
Microsoft Visual Studio Solution File, Format Version 11.00
# Visual Studio 2010
Project("{FAE04EC0-301F-11D3-BF4B-00C04F79EFBC}") = "SharpForumChecker", "SharpForumChecker\SharpForumChecker.csproj", "{11C177F9-5F97-4B99-9A66-250CC91EB778}"
EndProject
Project("{FAE04EC0-301F-11D3-BF4B-00C04F79EFBC}") = "ZeroDayChecker", "ZeroDayChecker\ZeroDayChecker.csproj", "{A91A06B8-4DEF-494C-9758-C00C5C72E954}"
EndProject
Project("{FAE04EC0-301F-11D3-BF4B-00C04F79EFBC}") = "OverlockersChecker", "OverlockersChecker\OverlockersChecker.csproj", "{9DB6637B-5D61-41A1-8A38-BF5621696C03}"
EndProject
Project("{FAE04EC0-301F-11D3-BF4B-00C04F79EFBC}") = "SiteMonitorInterface", "SiteMonitorInterface\SiteMonitorInterface.csproj", "{626EEBC8-2A25-417B-B3D9-5B54ED08BF28}"
EndProject
Project("{FAE04EC0-301F-11D3-BF4B-00C04F79EFBC}") = "SlandoChecker", "SlandoChecker\SlandoChecker.csproj", "{BF7921DF-B9C6-442B-A6DE-9B4B5A9B54A5}"
EndProject
Global
	GlobalSection(SolutionConfigurationPlatforms) = preSolution
		Debug|Any CPU = Debug|Any CPU
		Debug|Mixed Platforms = Debug|Mixed Platforms
		Debug|x86 = Debug|x86
		Release|Any CPU = Release|Any CPU
		Release|Mixed Platforms = Release|Mixed Platforms
		Release|x86 = Release|x86
	EndGlobalSection
	GlobalSection(ProjectConfigurationPlatforms) = postSolution
		{11C177F9-5F97-4B99-9A66-250CC91EB778}.Debug|Any CPU.ActiveCfg = Debug|x86
		{11C177F9-5F97-4B99-9A66-250CC91EB778}.Debug|Mixed Platforms.ActiveCfg = Debug|x86
		{11C177F9-5F97-4B99-9A66-250CC91EB778}.Debug|Mixed Platforms.Build.0 = Debug|x86
		{11C177F9-5F97-4B99-9A66-250CC91EB778}.Debug|x86.ActiveCfg = Debug|x86
		{11C177F9-5F97-4B99-9A66-250CC91EB778}.Debug|x86.Build.0 = Debug|x86
		{11C177F9-5F97-4B99-9A66-250CC91EB778}.Release|Any CPU.ActiveCfg = Release|x86
		{11C177F9-5F97-4B99-9A66-250CC91EB778}.Release|Mixed Platforms.ActiveCfg = Release|x86
		{11C177F9-5F97-4B99-9A66-250CC91EB778}.Release|Mixed Platforms.Build.0 = Release|x86
		{11C177F9-5F97-4B99-9A66-250CC91EB778}.Release|x86.ActiveCfg = Release|x86
		{11C177F9-5F97-4B99-9A66-250CC91EB778}.Release|x86.Build.0 = Release|x86
		{A91A06B8-4DEF-494C-9758-C00C5C72E954}.Debug|Any CPU.ActiveCfg = Debug|Any CPU
		{A91A06B8-4DEF-494C-9758-C00C5C72E954}.Debug|Any CPU.Build.0 = Debug|Any CPU
		{A91A06B8-4DEF-494C-9758-C00C5C72E954}.Debug|Mixed Platforms.ActiveCfg = Debug|Any CPU
		{A91A06B8-4DEF-494C-9758-C00C5C72E954}.Debug|Mixed Platforms.Build.0 = Debug|Any CPU
		{A91A06B8-4DEF-494C-9758-C00C5C72E954}.Debug|x86.ActiveCfg = Debug|Any CPU
		{A91A06B8-4DEF-494C-9758-C00C5C72E954}.Release|Any CPU.ActiveCfg = Release|Any CPU
		{A91A06B8-4DEF-494C-9758-C00C5C72E954}.Release|Any CPU.Build.0 = Release|Any CPU
		{A91A06B8-4DEF-494C-9758-C00C5C72E954}.Release|Mixed Platforms.ActiveCfg = Release|Any CPU
		{A91A06B8-4DEF-494C-9758-C00C5C72E954}.Release|Mixed Platforms.Build.0 = Release|Any CPU
		{A91A06B8-4DEF-494C-9758-C00C5C72E954}.Release|x86.ActiveCfg = Release|Any CPU
		{9DB6637B-5D61-41A1-8A38-BF5621696C03}.Debug|Any CPU.ActiveCfg = Debug|Any CPU
		{9DB6637B-5D61-41A1-8A38-BF5621696C03}.Debug|Any CPU.Build.0 = Debug|Any CPU
		{9DB6637B-5D61-41A1-8A38-BF5621696C03}.Debug|Mixed Platforms.ActiveCfg = Debug|Any CPU
		{9DB6637B-5D61-41A1-8A38-BF5621696C03}.Debug|Mixed Platforms.Build.0 = Debug|Any CPU
		{9DB6637B-5D61-41A1-8A38-BF5621696C03}.Debug|x86.ActiveCfg = Debug|Any CPU
		{9DB6637B-5D61-41A1-8A38-BF5621696C03}.Release|Any CPU.ActiveCfg = Release|Any CPU
		{9DB6637B-5D61-41A1-8A38-BF5621696C03}.Release|Any CPU.Build.0 = Release|Any CPU
		{9DB6637B-5D61-41A1-8A38-BF5621696C03}.Release|Mixed Platforms.ActiveCfg = Release|Any CPU
		{9DB6637B-5D61-41A1-8A38-BF5621696C03}.Release|Mixed Platforms.Build.0 = Release|Any CPU
		{9DB6637B-5D61-41A1-8A38-BF5621696C03}.Release|x86.ActiveCfg = Release|Any CPU
		{626EEBC8-2A25-417B-B3D9-5B54ED08BF28}.Debug|Any CPU.ActiveCfg = Debug|Any CPU
		{626EEBC8-2A25-417B-B3D9-5B54ED08BF28}.Debug|Any CPU.Build.0 = Debug|Any CPU
		{626EEBC8-2A25-417B-B3D9-5B54ED08BF28}.Debug|Mixed Platforms.ActiveCfg = Debug|Any CPU
		{626EEBC8-2A25-417B-B3D9-5B54ED08BF28}.Debug|Mixed Platforms.Build.0 = Debug|Any CPU
		{626EEBC8-2A25-417B-B3D9-5B54ED08BF28}.Debug|x86.ActiveCfg = Debug|Any CPU
		{626EEBC8-2A25-417B-B3D9-5B54ED08BF28}.Release|Any CPU.ActiveCfg = Release|Any CPU
		{626EEBC8-2A25-417B-B3D9-5B54ED08BF28}.Release|Any CPU.Build.0 = Release|Any CPU
		{626EEBC8-2A25-417B-B3D9-5B54ED08BF28}.Release|Mixed Platforms.ActiveCfg = Release|Any CPU
		{626EEBC8-2A25-417B-B3D9-5B54ED08BF28}.Release|Mixed Platforms.Build.0 = Release|Any CPU
		{626EEBC8-2A25-417B-B3D9-5B54ED08BF28}.Release|x86.ActiveCfg = Release|Any CPU
		{BF7921DF-B9C6-442B-A6DE-9B4B5A9B54A5}.Debug|Any CPU.ActiveCfg = Debug|Any CPU
		{BF7921DF-B9C6-442B-A6DE-9B4B5A9B54A5}.Debug|Any CPU.Build.0 = Debug|Any CPU
		{BF7921DF-B9C6-442B-A6DE-9B4B5A9B54A5}.Debug|Mixed Platforms.ActiveCfg = Debug|Any CPU
		{BF7921DF-B9C6-442B-A6DE-9B4B5A9B54A5}.Debug|Mixed Platforms.Build.0 = Debug|Any CPU
		{BF7921DF-B9C6-442B-A6DE-9B4B5A9B54A5}.Debug|x86.ActiveCfg = Debug|Any CPU
		{BF7921DF-B9C6-442B-A6DE-9B4B5A9B54A5}.Release|Any CPU.ActiveCfg = Release|Any CPU
		{BF7921DF-B9C6-442B-A6DE-9B4B5A9B54A5}.Release|Any CPU.Build.0 = Release|Any CPU
		{BF7921DF-B9C6-442B-A6DE-9B4B5A9B54A5}.Release|Mixed Platforms.ActiveCfg = Release|Any CPU
		{BF7921DF-B9C6-442B-A6DE-9B4B5A9B54A5}.Release|Mixed Platforms.Build.0 = Release|Any CPU
		{BF7921DF-B9C6-442B-A6DE-9B4B5A9B54A5}.Release|x86.ActiveCfg = Release|Any CPU
	EndGlobalSection
	GlobalSection(SolutionProperties) = preSolution
		HideSolutionNode = FALSE
	EndGlobalSection
EndGlobal
